<?xml version="1.0" encoding="utf-8"?>
<Project ToolsVersion="4.0" xmlns="http://schemas.microsoft.com/developer/msbuild/2003">
  <ItemGroup>
    <Filter Include="Source Files">
      <UniqueIdentifier>{4FC737F1-C7A5-4376-A066-2A32D752A2FF}</UniqueIdentifier>
      <Extensions>cpp;c;cc;cxx;def;odl;idl;hpj;bat;asm;asmx</Extensions>
    </Filter>
    <Filter Include="Header Files">
      <UniqueIdentifier>{93995380-89BD-4b04-88EB-625FBE52EBFB}</UniqueIdentifier>
      <Extensions>h;hh;hpp;hxx;hm;inl;inc;xsd</Extensions>
    </Filter>
    <Filter Include="Resource Files">
      <UniqueIdentifier>{67DA6AB6-F800-4c08-8B7A-83BB121AAD01}</UniqueIdentifier>
      <Extensions>rc;ico;cur;bmp;dlg;rc2;rct;bin;rgs;gif;jpg;jpeg;jpe;resx;tiff;tif;png;wav;mfcribbon-ms</Extensions>
    </Filter>
  </ItemGroup>
  <ItemGroup>
    <Text Include="readme.txt" />
    <Text Include="tunnel.conf" />
    <Text Include="makefile" />
  </ItemGroup>
  <ItemGroup>
    <ClCompile Include="main.cpp">
      <Filter>Source Files</Filter>
    </ClCompile>
    <ClCompile Include="StaticSettings.cpp">
      <Filter>Source Files</Filter>
    </ClCompile>
    <ClCompile Include="SocketListener.cpp">
      <Filter>Source Files</Filter>
    </ClCompile>
    <ClCompile Include="SocketProcessor.cpp">
      <Filter>Source Files</Filter>
    </ClCompile>
    <ClCompile Include="TunnelManager.cpp">
      <Filter>Source Files</Filter>
    </ClCompile>
    <ClCompile Include="SSHTunnelForwarder.cpp">
      <Filter>Source Files</Filter>
    </ClCompile>
    <ClCompile Include="JSONResponseGenerator.cpp">
      <Filter>Source Files</Filter>
    </ClCompile>
    <ClCompile Include="ActiveTunnels.cpp">
      <Filter>Source Files</Filter>
    </ClCompile>
    <ClCompile Include="BaseSocket.cpp">
      <Filter>Source Files</Filter>
    </ClCompile>
    <ClCompile Include="INIParser.cpp">
      <Filter>Source Files</Filter>
    </ClCompile>
    <ClCompile Include="WindowsSocket.cpp">
      <Filter>Source Files</Filter>
    </ClCompile>
    <ClCompile Include="SocketException.cpp">
      <Filter>Source Files</Filter>
    </ClCompile>
    <ClCompile Include="HelperMethods.cpp">
      <Filter>Source Files</Filter>
    </ClCompile>
    <ClCompile Include="Logger.cpp">
      <Filter>Source Files</Filter>
    </ClCompile>
    <ClCompile Include="LogRotation.cpp">
      <Filter>Source Files</Filter>
    </ClCompile>
    <ClCompile Include="StatusManager.cpp">
      <Filter>Source Files</Filter>
    </ClCompile>
    <ClCompile Include="LinuxSocket.cpp">
      <Filter>Source Files</Filter>
    </ClCompile>
  </ItemGroup>
  <ItemGroup>
    <ClInclude Include="StaticSettings.h">
      <Filter>Header Files</Filter>
    </ClInclude>
    <ClInclude Include="SocketListener.h">
      <Filter>Header Files</Filter>
    </ClInclude>
    <ClInclude Include="SocketProcessor.h">
      <Filter>Header Files</Filter>
    </ClInclude>
    <ClInclude Include="TunnelManager.h">
      <Filter>Header Files</Filter>
    </ClInclude>
    <ClInclude Include="SSHTunnelForwarder.h">
      <Filter>Header Files</Filter>
    </ClInclude>
    <ClInclude Include="JSONResponseGenerator.h">
      <Filter>Header Files</Filter>
    </ClInclude>
    <ClInclude Include="ActiveTunnels.h">
      <Filter>Header Files</Filter>
    </ClInclude>
    <ClInclude Include="BaseSocket.h">
      <Filter>Header Files</Filter>
    </ClInclude>
    <ClInclude Include="INIParser.h">
      <Filter>Header Files</Filter>
    </ClInclude>
    <ClInclude Include="WindowsSocket.h">
      <Filter>Header Files</Filter>
    </ClInclude>
    <ClInclude Include="SocketException.h">
      <Filter>Header Files</Filter>
    </ClInclude>
    <ClInclude Include="HelperMethods.h">
      <Filter>Header Files</Filter>
    </ClInclude>
    <ClInclude Include="Logger.h">
      <Filter>Header Files</Filter>
    </ClInclude>
    <ClInclude Include="LogRotation.h">
      <Filter>Header Files</Filter>
    </ClInclude>
    <ClInclude Include="StatusManager.h">
      <Filter>Header Files</Filter>
    </ClInclude>
    <ClInclude Include="LinuxSocket.h">
      <Filter>Header Files</Filter>
    </ClInclude>
  </ItemGroup>
  <ItemGroup>
    <None Include="packages.config" />
  </ItemGroup>
</Project>